
Microsoft Visual Studio Solution File, Format Version 12.00
# Visual Studio Version 17
VisualStudioVersion = 17.4.33110.190
MinimumVisualStudioVersion = 10.0.40219.1
Project("{FAE04EC0-301F-11D3-BF4B-00C04F79EFBC}") = "kot2.0", "kot2.0.csproj", "{D5DE555C-8E82-4339-BA9C-31AACC0FE10F}"
EndProject
Global
	GlobalSection(SolutionConfigurationPlatforms) = preSolution
		Debug|Any CPU = Debug|Any CPU
		Release|Any CPU = Release|Any CPU
	EndGlobalSection
	GlobalSection(ProjectConfigurationPlatforms) = postSolution
		{D5DE555C-8E82-4339-BA9C-31AACC0FE10F}.Debug|Any CPU.ActiveCfg = Debug|Any CPU
		{D5DE555C-8E82-4339-BA9C-31AACC0FE10F}.Debug|Any CPU.Build.0 = Debug|Any CPU
		{D5DE555C-8E82-4339-BA9C-31AACC0FE10F}.Release|Any CPU.ActiveCfg = Release|Any CPU
		{D5DE555C-8E82-4339-BA9C-31AACC0FE10F}.Release|Any CPU.Build.0 = Release|Any CPU
	EndGlobalSection
	GlobalSection(SolutionProperties) = preSolution
		HideSolutionNode = FALSE
	EndGlobalSection
	GlobalSection(ExtensibilityGlobals) = postSolution
		SolutionGuid = {CE3205D7-B101-47D9-9525-C4C05C9CC1B3}
	EndGlobalSection
EndGlobal
